
Microsoft Visual Studio Solution File, Format Version 12.00
# Visual Studio Version 17
VisualStudioVersion = 17.4.33213.308
MinimumVisualStudioVersion = 10.0.40219.1
Project("{FAE04EC0-301F-11D3-BF4B-00C04F79EFBC}") = "MVCproject", "MVCproject\MVCproject.csproj", "{47020F73-7AAA-44CB-B288-60C4BD23A7FF}"
EndProject
Global
	GlobalSection(SolutionConfigurationPlatforms) = preSolution
		Debug|Any CPU = Debug|Any CPU
		Release|Any CPU = Release|Any CPU
	EndGlobalSection
	GlobalSection(ProjectConfigurationPlatforms) = postSolution
		{47020F73-7AAA-44CB-B288-60C4BD23A7FF}.Debug|Any CPU.ActiveCfg = Debug|Any CPU
		{47020F73-7AAA-44CB-B288-60C4BD23A7FF}.Debug|Any CPU.Build.0 = Debug|Any CPU
		{47020F73-7AAA-44CB-B288-60C4BD23A7FF}.Release|Any CPU.ActiveCfg = Release|Any CPU
		{47020F73-7AAA-44CB-B288-60C4BD23A7FF}.Release|Any CPU.Build.0 = Release|Any CPU
	EndGlobalSection
	GlobalSection(SolutionProperties) = preSolution
		HideSolutionNode = FALSE
	EndGlobalSection
	GlobalSection(ExtensibilityGlobals) = postSolution
		SolutionGuid = {24C4C0E6-90E0-4D25-8982-9B9190FBF858}
	EndGlobalSection
EndGlobal
